
Microsoft Visual Studio Solution File, Format Version 12.00
Project("{FAE04EC0-301F-11D3-BF4B-00C04F79EFBC}") = "PSP", "PSP.csproj", "{ED7C1710-F99B-49C9-A086-89AF176B25AD}"
EndProject
Global
	GlobalSection(SolutionConfigurationPlatforms) = preSolution
		Debug|Any CPU = Debug|Any CPU
		Release|Any CPU = Release|Any CPU
	EndGlobalSection
	GlobalSection(ProjectConfigurationPlatforms) = postSolution
		{ED7C1710-F99B-49C9-A086-89AF176B25AD}.Debug|Any CPU.ActiveCfg = Debug|Any CPU
		{ED7C1710-F99B-49C9-A086-89AF176B25AD}.Debug|Any CPU.Build.0 = Debug|Any CPU
		{ED7C1710-F99B-49C9-A086-89AF176B25AD}.Release|Any CPU.ActiveCfg = Release|Any CPU
		{ED7C1710-F99B-49C9-A086-89AF176B25AD}.Release|Any CPU.Build.0 = Release|Any CPU
	EndGlobalSection
EndGlobal
